# This file is automatically @generated by Poetry 2.1.3 and should not be changed by hand.

[[package]]
name = "attrs"
version = "25.3.0"
description = "Classes Without Boilerplate"
optional = false
python-versions = ">=3.8"
groups = ["main"]
files = [
    {file = "attrs-25.3.0-py3-none-any.whl", hash = "sha256:427318ce031701fea540783410126f03899a97ffc6f61596ad581ac2e40e3bc3"},
    {file = "attrs-25.3.0.tar.gz", hash = "sha256:75d7cefc7fb576747b2c81b4442d4d4a1ce0900973527c011d1030fd3bf4af1b"},
]

[package.extras]
benchmark = ["cloudpickle ; platform_python_implementation == \"CPython\"", "hypothesis", "mypy (>=1.11.1) ; platform_python_implementation == \"CPython\" and python_version >= \"3.10\"", "pympler", "pytest (>=4.3.0)", "pytest-codspeed", "pytest-mypy-plugins ; platform_python_implementation == \"CPython\" and python_version >= \"3.10\"", "pytest-xdist[psutil]"]
cov = ["cloudpickle ; platform_python_implementation == \"CPython\"", "coverage[toml] (>=5.3)", "hypothesis", "mypy (>=1.11.1) ; platform_python_implementation == \"CPython\" and python_version >= \"3.10\"", "pympler", "pytest (>=4.3.0)", "pytest-mypy-plugins ; platform_python_implementation == \"CPython\" and python_version >= \"3.10\"", "pytest-xdist[psutil]"]
dev = ["cloudpickle ; platform_python_implementation == \"CPython\"", "hypothesis", "mypy (>=1.11.1) ; platform_python_implementation == \"CPython\" and python_version >= \"3.10\"", "pre-commit-uv", "pympler", "pytest (>=4.3.0)", "pytest-mypy-plugins ; platform_python_implementation == \"CPython\" and python_version >= \"3.10\"", "pytest-xdist[psutil]"]
docs = ["cogapp", "furo", "myst-parser", "sphinx", "sphinx-notfound-page", "sphinxcontrib-towncrier", "towncrier"]
tests = ["cloudpickle ; platform_python_implementation == \"CPython\"", "hypothesis", "mypy (>=1.11.1) ; platform_python_implementation == \"CPython\" and python_version >= \"3.10\"", "pympler", "pytest (>=4.3.0)", "pytest-mypy-plugins ; platform_python_implementation == \"CPython\" and python_version >= \"3.10\"", "pytest-xdist[psutil]"]
tests-mypy = ["mypy (>=1.11.1) ; platform_python_implementation == \"CPython\" and python_version >= \"3.10\"", "pytest-mypy-plugins ; platform_python_implementation == \"CPython\" and python_version >= \"3.10\""]

[[package]]
name = "aws-cdk-asset-awscli-v1"
version = "2.2.244"
description = "A library that contains the AWS CLI for use in Lambda Layers"
optional = false
python-versions = "~=3.9"
groups = ["main"]
files = [
    {file = "aws_cdk_asset_awscli_v1-2.2.244-py3-none-any.whl", hash = "sha256:601e07fa2a1ffa202074d7a267a62b568782191ae149035a87c90e49adddfec8"},
    {file = "aws_cdk_asset_awscli_v1-2.2.244.tar.gz", hash = "sha256:8015bc30fbb96b31d1365d31ed7df49c9c456a1bd385cc29e656c6a582881c6e"},
]

[package.dependencies]
jsii = ">=1.112.0,<2.0.0"
publication = ">=0.0.3"
typeguard = ">=2.13.3,<4.3.0"

[[package]]
name = "aws-cdk-asset-kubectl-v20"
version = "2.1.4"
description = "A Lambda Layer that contains kubectl v1.20"
optional = false
python-versions = "~=3.8"
groups = ["main"]
files = [
    {file = "aws_cdk.asset_kubectl_v20-2.1.4-py3-none-any.whl", hash = "sha256:14a194e14adbf3868a8105b07e8714e10e6621a22beca9b4859a82a9cfbe68f6"},
    {file = "aws_cdk_asset_kubectl_v20-2.1.4.tar.gz", hash = "sha256:c723c94c6c89283efef779ca44bea8e2e312d49b07bf5beaf6f27340e1fecff4"},
]

[package.dependencies]
jsii = ">=1.106.0,<2.0.0"
publication = ">=0.0.3"
typeguard = ">=2.13.3,<4.3.0"

[[package]]
name = "aws-cdk-asset-node-proxy-agent-v6"
version = "2.1.0"
description = "@aws-cdk/asset-node-proxy-agent-v6"
optional = false
python-versions = "~=3.8"
groups = ["main"]
files = [
    {file = "aws_cdk.asset_node_proxy_agent_v6-2.1.0-py3-none-any.whl", hash = "sha256:24a388b69a44d03bae6dbf864c4e25ba650d4b61c008b4568b94ffbb9a69e40e"},
    {file = "aws_cdk_asset_node_proxy_agent_v6-2.1.0.tar.gz", hash = "sha256:1f292c0631f86708ba4ee328b3a2b229f7e46ea1c79fbde567ee9eb119c2b0e2"},
]

[package.dependencies]
jsii = ">=1.103.1,<2.0.0"
publication = ">=0.0.3"
typeguard = ">=2.13.3,<5.0.0"

[[package]]
name = "aws-cdk-lib"
version = "2.94.0"
description = "Version 2 of the AWS Cloud Development Kit library"
optional = false
python-versions = "~=3.7"
groups = ["main"]
files = [
    {file = "aws-cdk-lib-2.94.0.tar.gz", hash = "sha256:af8bfb91323402809e1ed1411c72284d33d8c82bf7c9476d84632f7a56fe292f"},
    {file = "aws_cdk_lib-2.94.0-py3-none-any.whl", hash = "sha256:e6676efc0306b480943624b88b1d4e1cb5b6d0fecc6c0e9d8c09df8a30426e24"},
]

[package.dependencies]
"aws-cdk.asset-awscli-v1" = ">=2.2.200,<3.0.0"
"aws-cdk.asset-kubectl-v20" = ">=2.1.2,<3.0.0"
"aws-cdk.asset-node-proxy-agent-v6" = ">=2.0.1,<3.0.0"
constructs = ">=10.0.0,<11.0.0"
jsii = ">=1.88.0,<2.0.0"
publication = ">=0.0.3"
typeguard = ">=2.13.3,<2.14.0"

[[package]]
name = "boto3"
version = "1.39.4"
description = "The AWS SDK for Python"
optional = false
python-versions = ">=3.9"
groups = ["main"]
files = [
    {file = "boto3-1.39.4-py3-none-any.whl", hash = "sha256:f8e9534b429121aa5c5b7c685c6a94dd33edf14f87926e9a182d5b50220ba284"},
    {file = "boto3-1.39.4.tar.gz", hash = "sha256:6c955729a1d70181bc8368e02a7d3f350884290def63815ebca8408ee6d47571"},
]

[package.dependencies]
botocore = ">=1.39.4,<1.40.0"
jmespath = ">=0.7.1,<2.0.0"
s3transfer = ">=0.13.0,<0.14.0"

[package.extras]
crt = ["botocore[crt] (>=1.21.0,<2.0a0)"]

[[package]]
name = "botocore"
version = "1.39.4"
description = "Low-level, data-driven core of boto 3."
optional = false
python-versions = ">=3.9"
groups = ["main"]
files = [
    {file = "botocore-1.39.4-py3-none-any.whl", hash = "sha256:c41e167ce01cfd1973c3fa9856ef5244a51ddf9c82cb131120d8617913b6812a"},
    {file = "botocore-1.39.4.tar.gz", hash = "sha256:e662ac35c681f7942a93f2ec7b4cde8f8b56dd399da47a79fa3e370338521a56"},
]

[package.dependencies]
jmespath = ">=0.7.1,<2.0.0"
python-dateutil = ">=2.1,<3.0.0"
urllib3 = {version = ">=1.25.4,<2.2.0 || >2.2.0,<3", markers = "python_version >= \"3.10\""}

[package.extras]
crt = ["awscrt (==0.23.8)"]

[[package]]
name = "cattrs"
version = "24.1.3"
description = "Composable complex class support for attrs and dataclasses."
optional = false
python-versions = ">=3.8"
groups = ["main"]
files = [
    {file = "cattrs-24.1.3-py3-none-any.whl", hash = "sha256:adf957dddd26840f27ffbd060a6c4dd3b2192c5b7c2c0525ef1bd8131d8a83f5"},
    {file = "cattrs-24.1.3.tar.gz", hash = "sha256:981a6ef05875b5bb0c7fb68885546186d306f10f0f6718fe9b96c226e68821ff"},
]

[package.dependencies]
attrs = ">=23.1.0"
exceptiongroup = {version = ">=1.1.1", markers = "python_version < \"3.11\""}
typing-extensions = {version = ">=4.1.0,<4.6.3 || >4.6.3", markers = "python_version < \"3.11\""}

[package.extras]
bson = ["pymongo (>=4.4.0)"]
cbor2 = ["cbor2 (>=5.4.6)"]
msgpack = ["msgpack (>=1.0.5)"]
msgspec = ["msgspec (>=0.18.5) ; implementation_name == \"cpython\""]
orjson = ["orjson (>=3.9.2) ; implementation_name == \"cpython\""]
pyyaml = ["pyyaml (>=6.0)"]
tomlkit = ["tomlkit (>=0.11.8)"]
ujson = ["ujson (>=5.7.0)"]

[[package]]
name = "constructs"
version = "10.4.2"
description = "A programming model for software-defined state"
optional = false
python-versions = "~=3.8"
groups = ["main"]
files = [
    {file = "constructs-10.4.2-py3-none-any.whl", hash = "sha256:1f0f59b004edebfde0f826340698b8c34611f57848139b7954904c61645f13c1"},
    {file = "constructs-10.4.2.tar.gz", hash = "sha256:ce54724360fffe10bab27d8a081844eb81f5ace7d7c62c84b719c49f164d5307"},
]

[package.dependencies]
jsii = ">=1.102.0,<2.0.0"
publication = ">=0.0.3"
typeguard = ">=2.13.3,<2.14.0"

[[package]]
name = "exceptiongroup"
version = "1.3.0"
description = "Backport of PEP 654 (exception groups)"
optional = false
python-versions = ">=3.7"
groups = ["main"]
markers = "python_version == \"3.10\""
files = [
    {file = "exceptiongroup-1.3.0-py3-none-any.whl", hash = "sha256:4d111e6e0c13d0644cad6ddaa7ed0261a0b36971f6d23e7ec9b4b9097da78a10"},
    {file = "exceptiongroup-1.3.0.tar.gz", hash = "sha256:b241f5885f560bc56a59ee63ca4c6a8bfa46ae4ad651af316d4e81817bb9fd88"},
]

[package.dependencies]
typing-extensions = {version = ">=4.6.0", markers = "python_version < \"3.13\""}

[package.extras]
test = ["pytest (>=6)"]

[[package]]
name = "importlib-resources"
version = "6.5.2"
description = "Read resources from Python packages"
optional = false
python-versions = ">=3.9"
groups = ["main"]
files = [
    {file = "importlib_resources-6.5.2-py3-none-any.whl", hash = "sha256:789cfdc3ed28c78b67a06acb8126751ced69a3d5f79c095a98298cd8a760ccec"},
    {file = "importlib_resources-6.5.2.tar.gz", hash = "sha256:185f87adef5bcc288449d98fb4fba07cea78bc036455dd44c5fc4a2fe78fed2c"},
]

[package.extras]
check = ["pytest-checkdocs (>=2.4)", "pytest-ruff (>=0.2.1) ; sys_platform != \"cygwin\""]
cover = ["pytest-cov"]
doc = ["furo", "jaraco.packaging (>=9.3)", "jaraco.tidelift (>=1.4)", "rst.linker (>=1.9)", "sphinx (>=3.5)", "sphinx-lint"]
enabler = ["pytest-enabler (>=2.2)"]
test = ["jaraco.test (>=5.4)", "pytest (>=6,!=8.1.*)", "zipp (>=3.17)"]
type = ["pytest-mypy"]

[[package]]
name = "jmespath"
version = "1.0.1"
description = "JSON Matching Expressions"
optional = false
python-versions = ">=3.7"
groups = ["main"]
files = [
    {file = "jmespath-1.0.1-py3-none-any.whl", hash = "sha256:02e2e4cc71b5bcab88332eebf907519190dd9e6e82107fa7f83b1003a6252980"},
    {file = "jmespath-1.0.1.tar.gz", hash = "sha256:90261b206d6defd58fdd5e85f478bf633a2901798906be2ad389150c5c60edbe"},
]

[[package]]
name = "jsii"
version = "1.112.0"
description = "Python client for jsii runtime"
optional = false
python-versions = "~=3.9"
groups = ["main"]
files = [
    {file = "jsii-1.112.0-py3-none-any.whl", hash = "sha256:6510c223074d9b206fd0570849a791e4d9ecfff7ffe68428de73870cea9f55a1"},
    {file = "jsii-1.112.0.tar.gz", hash = "sha256:6b7d19f361c2565b76828ecbe8cbed8b8d6028a82aa98a46b206a4ee5083157e"},
]

[package.dependencies]
attrs = ">=21.2,<26.0"
cattrs = ">=1.8,<24.2"
importlib_resources = ">=5.2.0"
publication = ">=0.0.3"
python-dateutil = "*"
typeguard = ">=2.13.3,<4.5.0"
typing_extensions = ">=3.8,<5.0"

[[package]]
name = "publication"
version = "0.0.3"
description = "Publication helps you maintain public-api-friendly modules by preventing unintentional access to private implementation details via introspection."
optional = false
python-versions = "*"
groups = ["main"]
files = [
    {file = "publication-0.0.3-py2.py3-none-any.whl", hash = "sha256:0248885351febc11d8a1098d5c8e3ab2dabcf3e8c0c96db1e17ecd12b53afbe6"},
    {file = "publication-0.0.3.tar.gz", hash = "sha256:68416a0de76dddcdd2930d1c8ef853a743cc96c82416c4e4d3b5d901c6276dc4"},
]

[[package]]
name = "python-dateutil"
version = "2.9.0.post0"
description = "Extensions to the standard Python datetime module"
optional = false
python-versions = "!=3.0.*,!=3.1.*,!=3.2.*,>=2.7"
groups = ["main"]
files = [
    {file = "python-dateutil-2.9.0.post0.tar.gz", hash = "sha256:37dd54208da7e1cd875388217d5e00ebd4179249f90fb72437e91a35459a0ad3"},
    {file = "python_dateutil-2.9.0.post0-py2.py3-none-any.whl", hash = "sha256:a8b2bc7bffae282281c8140a97d3aa9c14da0b136dfe83f850eea9a5f7470427"},
]

[package.dependencies]
six = ">=1.5"

[[package]]
name = "s3transfer"
version = "0.13.0"
description = "An Amazon S3 Transfer Manager"
optional = false
python-versions = ">=3.9"
groups = ["main"]
files = [
    {file = "s3transfer-0.13.0-py3-none-any.whl", hash = "sha256:0148ef34d6dd964d0d8cf4311b2b21c474693e57c2e069ec708ce043d2b527be"},
    {file = "s3transfer-0.13.0.tar.gz", hash = "sha256:f5e6db74eb7776a37208001113ea7aa97695368242b364d73e91c981ac522177"},
]

[package.dependencies]
botocore = ">=1.37.4,<2.0a.0"

[package.extras]
crt = ["botocore[crt] (>=1.37.4,<2.0a.0)"]

[[package]]
name = "six"
version = "1.17.0"
description = "Python 2 and 3 compatibility utilities"
optional = false
python-versions = "!=3.0.*,!=3.1.*,!=3.2.*,>=2.7"
groups = ["main"]
files = [
    {file = "six-1.17.0-py2.py3-none-any.whl", hash = "sha256:4721f391ed90541fddacab5acf947aa0d3dc7d27b2e1e8eda2be8970586c3274"},
    {file = "six-1.17.0.tar.gz", hash = "sha256:ff70335d468e7eb6ec65b95b99d3a2836546063f63acc5171de367e834932a81"},
]

[[package]]
name = "toml"
version = "0.10.2"
description = "Python Library for Tom's Obvious, Minimal Language"
optional = false
python-versions = ">=2.6, !=3.0.*, !=3.1.*, !=3.2.*"
groups = ["main"]
files = [
    {file = "toml-0.10.2-py2.py3-none-any.whl", hash = "sha256:806143ae5bfb6a3c6e736a764057db0e6a0e05e338b5630894a5f779cabb4f9b"},
    {file = "toml-0.10.2.tar.gz", hash = "sha256:b3bda1d108d5dd99f4a20d24d9c348e91c4db7ab1b749200bded2f839ccbe68f"},
]

[[package]]
name = "typeguard"
version = "2.13.3"
description = "Run-time type checker for Python"
optional = false
python-versions = ">=3.5.3"
groups = ["main"]
files = [
    {file = "typeguard-2.13.3-py3-none-any.whl", hash = "sha256:5e3e3be01e887e7eafae5af63d1f36c849aaa94e3a0112097312aabfa16284f1"},
    {file = "typeguard-2.13.3.tar.gz", hash = "sha256:00edaa8da3a133674796cf5ea87d9f4b4c367d77476e185e80251cc13dfbb8c4"},
]

[package.extras]
doc = ["sphinx-autodoc-typehints (>=1.2.0)", "sphinx-rtd-theme"]
test = ["mypy ; platform_python_implementation != \"PyPy\"", "pytest", "typing-extensions"]

[[package]]
name = "typing-extensions"
version = "4.14.1"
description = "Backported and Experimental Type Hints for Python 3.9+"
optional = false
python-versions = ">=3.9"
groups = ["main"]
files = [
    {file = "typing_extensions-4.14.1-py3-none-any.whl", hash = "sha256:d1e1e3b58374dc93031d6eda2420a48ea44a36c2b4766a4fdeb3710755731d76"},
    {file = "typing_extensions-4.14.1.tar.gz", hash = "sha256:38b39f4aeeab64884ce9f74c94263ef78f3c22467c8724005483154c26648d36"},
]

[[package]]
name = "urllib3"
version = "2.5.0"
description = "HTTP library with thread-safe connection pooling, file post, and more."
optional = false
python-versions = ">=3.9"
groups = ["main"]
files = [
    {file = "urllib3-2.5.0-py3-none-any.whl", hash = "sha256:e6b01673c0fa6a13e374b50871808eb3bf7046c4b125b216f6bf1cc604cff0dc"},
    {file = "urllib3-2.5.0.tar.gz", hash = "sha256:3fc47733c7e419d4bc3f6b3dc2b4f890bb743906a30d56ba4a5bfa4bbff92760"},
]

[package.extras]
brotli = ["brotli (>=1.0.9) ; platform_python_implementation == \"CPython\"", "brotlicffi (>=0.8.0) ; platform_python_implementation != \"CPython\""]
h2 = ["h2 (>=4,<5)"]
socks = ["pysocks (>=1.5.6,!=1.5.7,<2.0)"]
zstd = ["zstandard (>=0.18.0)"]

[metadata]
lock-version = "2.1"
python-versions = "^3.10"
content-hash = "7699f2ae57ad7b216c37919578eb4620d8f90acb7c320d28856779ca75eb5b08"
